
Microsoft Visual Studio Solution File, Format Version 12.00
# Visual Studio 15
VisualStudioVersion = 15.0.27130.0
MinimumVisualStudioVersion = 10.0.40219.1
Project("{F2A71F9B-5D33-465A-A702-920D77279786}") = "Day1_InverseCaptcha", "Day1_InverseCaptcha\Day1_InverseCaptcha.fsproj", "{91196040-727A-4F4C-A0C9-F9FD1FBF3B24}"
EndProject
Project("{F2A71F9B-5D33-465A-A702-920D77279786}") = "Day2_CorruptionChecksum", "Day2_CorruptionChecksum\Day2_CorruptionChecksum.fsproj", "{D5A80CE9-0E1B-4E9E-8BD5-CA9F45FDA704}"
EndProject
Project("{F2A71F9B-5D33-465A-A702-920D77279786}") = "Day3_SpiralMemory", "Day3_SpiralMemory\Day3_SpiralMemory.fsproj", "{CDE9254C-8667-440D-B7FA-375405ECE7D6}"
EndProject
Project("{F2A71F9B-5D33-465A-A702-920D77279786}") = "Day4_HighEntropyPassphrases", "Day4_HighEntropyPassphrases\Day4_HighEntropyPassphrases.fsproj", "{F3436800-494E-4A2D-B140-B39288FF537D}"
EndProject
Global
	GlobalSection(SolutionConfigurationPlatforms) = preSolution
		Debug|Any CPU = Debug|Any CPU
		Release|Any CPU = Release|Any CPU
	EndGlobalSection
	GlobalSection(ProjectConfigurationPlatforms) = postSolution
		{91196040-727A-4F4C-A0C9-F9FD1FBF3B24}.Debug|Any CPU.ActiveCfg = Debug|Any CPU
		{91196040-727A-4F4C-A0C9-F9FD1FBF3B24}.Debug|Any CPU.Build.0 = Debug|Any CPU
		{91196040-727A-4F4C-A0C9-F9FD1FBF3B24}.Release|Any CPU.ActiveCfg = Release|Any CPU
		{91196040-727A-4F4C-A0C9-F9FD1FBF3B24}.Release|Any CPU.Build.0 = Release|Any CPU
		{D5A80CE9-0E1B-4E9E-8BD5-CA9F45FDA704}.Debug|Any CPU.ActiveCfg = Debug|Any CPU
		{D5A80CE9-0E1B-4E9E-8BD5-CA9F45FDA704}.Debug|Any CPU.Build.0 = Debug|Any CPU
		{D5A80CE9-0E1B-4E9E-8BD5-CA9F45FDA704}.Release|Any CPU.ActiveCfg = Release|Any CPU
		{D5A80CE9-0E1B-4E9E-8BD5-CA9F45FDA704}.Release|Any CPU.Build.0 = Release|Any CPU
		{CDE9254C-8667-440D-B7FA-375405ECE7D6}.Debug|Any CPU.ActiveCfg = Debug|Any CPU
		{CDE9254C-8667-440D-B7FA-375405ECE7D6}.Debug|Any CPU.Build.0 = Debug|Any CPU
		{CDE9254C-8667-440D-B7FA-375405ECE7D6}.Release|Any CPU.ActiveCfg = Release|Any CPU
		{CDE9254C-8667-440D-B7FA-375405ECE7D6}.Release|Any CPU.Build.0 = Release|Any CPU
		{F3436800-494E-4A2D-B140-B39288FF537D}.Debug|Any CPU.ActiveCfg = Debug|Any CPU
		{F3436800-494E-4A2D-B140-B39288FF537D}.Debug|Any CPU.Build.0 = Debug|Any CPU
		{F3436800-494E-4A2D-B140-B39288FF537D}.Release|Any CPU.ActiveCfg = Release|Any CPU
		{F3436800-494E-4A2D-B140-B39288FF537D}.Release|Any CPU.Build.0 = Release|Any CPU
	EndGlobalSection
	GlobalSection(SolutionProperties) = preSolution
		HideSolutionNode = FALSE
	EndGlobalSection
	GlobalSection(ExtensibilityGlobals) = postSolution
		SolutionGuid = {6DEB8944-C17E-4D31-A597-50631F504638}
	EndGlobalSection
EndGlobal
