
Microsoft Visual Studio Solution File, Format Version 12.00
# Visual Studio 15
VisualStudioVersion = 15.0.27130.0
MinimumVisualStudioVersion = 10.0.40219.1
Project("{F2A71F9B-5D33-465A-A702-920D77279786}") = "Day01_InverseCaptcha", "Day1_InverseCaptcha\Day01_InverseCaptcha.fsproj", "{91196040-727A-4F4C-A0C9-F9FD1FBF3B24}"
EndProject
Project("{F2A71F9B-5D33-465A-A702-920D77279786}") = "Day02_CorruptionChecksum", "Day2_CorruptionChecksum\Day02_CorruptionChecksum.fsproj", "{D5A80CE9-0E1B-4E9E-8BD5-CA9F45FDA704}"
EndProject
Project("{F2A71F9B-5D33-465A-A702-920D77279786}") = "Day03_SpiralMemory", "Day3_SpiralMemory\Day03_SpiralMemory.fsproj", "{CDE9254C-8667-440D-B7FA-375405ECE7D6}"
EndProject
Project("{F2A71F9B-5D33-465A-A702-920D77279786}") = "Day04_HighEntropyPassphrases", "Day4_HighEntropyPassphrases\Day04_HighEntropyPassphrases.fsproj", "{F3436800-494E-4A2D-B140-B39288FF537D}"
EndProject
Project("{F2A71F9B-5D33-465A-A702-920D77279786}") = "Day05_AMazeOfTwistyTrampolinesAllAlike", "Day5_AMazeOfTwistyTrampolinesAllAlike\Day05_AMazeOfTwistyTrampolinesAllAlike.fsproj", "{FD472B3B-28EB-4D32-9A85-83F258CEEDE3}"
EndProject
Project("{F2A71F9B-5D33-465A-A702-920D77279786}") = "Day11_HexEd", "Day11_HexEd\Day11_HexEd.fsproj", "{B84D0E98-4B60-42B9-B0C5-8D66D96C2B37}"
EndProject
Project("{F2A71F9B-5D33-465A-A702-920D77279786}") = "Day10_KnotHash", "Day10_KnotHash\Day10_KnotHash.fsproj", "{B51DE63C-3C92-4477-85E9-826C863D95AA}"
EndProject
Project("{F2A71F9B-5D33-465A-A702-920D77279786}") = "Day12_DigitalPlumber", "Day12_DigitalPlumber\Day12_DigitalPlumber.fsproj", "{41DEDCC2-CDD9-4BC4-B9F2-812894BA65FD}"
EndProject
Project("{F2A71F9B-5D33-465A-A702-920D77279786}") = "Day09_StreamProcessing", "Day09_StreamProcessing\Day09_StreamProcessing.fsproj", "{5D561B8F-A1C3-4E8B-8D9D-4796A069E1CD}"
EndProject
Project("{F2A71F9B-5D33-465A-A702-920D77279786}") = "Day08_IHeardYouLikeRegisters", "Day08_IHeardYouLikeRegisters\Day08_IHeardYouLikeRegisters.fsproj", "{352C4308-251D-4A98-B55F-6A2D177CD588}"
EndProject
Project("{F2A71F9B-5D33-465A-A702-920D77279786}") = "Day06_MemoryRellocation", "Day06_MemoryRellocation\Day06_MemoryRellocation.fsproj", "{8CE15B05-6974-49E7-9AA2-17CD7E3844CF}"
EndProject
Global
	GlobalSection(SolutionConfigurationPlatforms) = preSolution
		Debug|Any CPU = Debug|Any CPU
		Release|Any CPU = Release|Any CPU
	EndGlobalSection
	GlobalSection(ProjectConfigurationPlatforms) = postSolution
		{91196040-727A-4F4C-A0C9-F9FD1FBF3B24}.Debug|Any CPU.ActiveCfg = Debug|Any CPU
		{91196040-727A-4F4C-A0C9-F9FD1FBF3B24}.Debug|Any CPU.Build.0 = Debug|Any CPU
		{91196040-727A-4F4C-A0C9-F9FD1FBF3B24}.Release|Any CPU.ActiveCfg = Release|Any CPU
		{91196040-727A-4F4C-A0C9-F9FD1FBF3B24}.Release|Any CPU.Build.0 = Release|Any CPU
		{D5A80CE9-0E1B-4E9E-8BD5-CA9F45FDA704}.Debug|Any CPU.ActiveCfg = Debug|Any CPU
		{D5A80CE9-0E1B-4E9E-8BD5-CA9F45FDA704}.Debug|Any CPU.Build.0 = Debug|Any CPU
		{D5A80CE9-0E1B-4E9E-8BD5-CA9F45FDA704}.Release|Any CPU.ActiveCfg = Release|Any CPU
		{D5A80CE9-0E1B-4E9E-8BD5-CA9F45FDA704}.Release|Any CPU.Build.0 = Release|Any CPU
		{CDE9254C-8667-440D-B7FA-375405ECE7D6}.Debug|Any CPU.ActiveCfg = Debug|Any CPU
		{CDE9254C-8667-440D-B7FA-375405ECE7D6}.Debug|Any CPU.Build.0 = Debug|Any CPU
		{CDE9254C-8667-440D-B7FA-375405ECE7D6}.Release|Any CPU.ActiveCfg = Release|Any CPU
		{CDE9254C-8667-440D-B7FA-375405ECE7D6}.Release|Any CPU.Build.0 = Release|Any CPU
		{F3436800-494E-4A2D-B140-B39288FF537D}.Debug|Any CPU.ActiveCfg = Debug|Any CPU
		{F3436800-494E-4A2D-B140-B39288FF537D}.Debug|Any CPU.Build.0 = Debug|Any CPU
		{F3436800-494E-4A2D-B140-B39288FF537D}.Release|Any CPU.ActiveCfg = Release|Any CPU
		{F3436800-494E-4A2D-B140-B39288FF537D}.Release|Any CPU.Build.0 = Release|Any CPU
		{FD472B3B-28EB-4D32-9A85-83F258CEEDE3}.Debug|Any CPU.ActiveCfg = Debug|Any CPU
		{FD472B3B-28EB-4D32-9A85-83F258CEEDE3}.Debug|Any CPU.Build.0 = Debug|Any CPU
		{FD472B3B-28EB-4D32-9A85-83F258CEEDE3}.Release|Any CPU.ActiveCfg = Release|Any CPU
		{FD472B3B-28EB-4D32-9A85-83F258CEEDE3}.Release|Any CPU.Build.0 = Release|Any CPU
		{B84D0E98-4B60-42B9-B0C5-8D66D96C2B37}.Debug|Any CPU.ActiveCfg = Debug|Any CPU
		{B84D0E98-4B60-42B9-B0C5-8D66D96C2B37}.Debug|Any CPU.Build.0 = Debug|Any CPU
		{B84D0E98-4B60-42B9-B0C5-8D66D96C2B37}.Release|Any CPU.ActiveCfg = Release|Any CPU
		{B84D0E98-4B60-42B9-B0C5-8D66D96C2B37}.Release|Any CPU.Build.0 = Release|Any CPU
		{B51DE63C-3C92-4477-85E9-826C863D95AA}.Debug|Any CPU.ActiveCfg = Debug|Any CPU
		{B51DE63C-3C92-4477-85E9-826C863D95AA}.Debug|Any CPU.Build.0 = Debug|Any CPU
		{B51DE63C-3C92-4477-85E9-826C863D95AA}.Release|Any CPU.ActiveCfg = Release|Any CPU
		{B51DE63C-3C92-4477-85E9-826C863D95AA}.Release|Any CPU.Build.0 = Release|Any CPU
		{41DEDCC2-CDD9-4BC4-B9F2-812894BA65FD}.Debug|Any CPU.ActiveCfg = Debug|Any CPU
		{41DEDCC2-CDD9-4BC4-B9F2-812894BA65FD}.Debug|Any CPU.Build.0 = Debug|Any CPU
		{41DEDCC2-CDD9-4BC4-B9F2-812894BA65FD}.Release|Any CPU.ActiveCfg = Release|Any CPU
		{41DEDCC2-CDD9-4BC4-B9F2-812894BA65FD}.Release|Any CPU.Build.0 = Release|Any CPU
		{5D561B8F-A1C3-4E8B-8D9D-4796A069E1CD}.Debug|Any CPU.ActiveCfg = Debug|Any CPU
		{5D561B8F-A1C3-4E8B-8D9D-4796A069E1CD}.Debug|Any CPU.Build.0 = Debug|Any CPU
		{5D561B8F-A1C3-4E8B-8D9D-4796A069E1CD}.Release|Any CPU.ActiveCfg = Release|Any CPU
		{5D561B8F-A1C3-4E8B-8D9D-4796A069E1CD}.Release|Any CPU.Build.0 = Release|Any CPU
		{352C4308-251D-4A98-B55F-6A2D177CD588}.Debug|Any CPU.ActiveCfg = Debug|Any CPU
		{352C4308-251D-4A98-B55F-6A2D177CD588}.Debug|Any CPU.Build.0 = Debug|Any CPU
		{352C4308-251D-4A98-B55F-6A2D177CD588}.Release|Any CPU.ActiveCfg = Release|Any CPU
		{352C4308-251D-4A98-B55F-6A2D177CD588}.Release|Any CPU.Build.0 = Release|Any CPU
		{8CE15B05-6974-49E7-9AA2-17CD7E3844CF}.Debug|Any CPU.ActiveCfg = Debug|Any CPU
		{8CE15B05-6974-49E7-9AA2-17CD7E3844CF}.Debug|Any CPU.Build.0 = Debug|Any CPU
		{8CE15B05-6974-49E7-9AA2-17CD7E3844CF}.Release|Any CPU.ActiveCfg = Release|Any CPU
		{8CE15B05-6974-49E7-9AA2-17CD7E3844CF}.Release|Any CPU.Build.0 = Release|Any CPU
	EndGlobalSection
	GlobalSection(SolutionProperties) = preSolution
		HideSolutionNode = FALSE
	EndGlobalSection
	GlobalSection(ExtensibilityGlobals) = postSolution
		SolutionGuid = {6DEB8944-C17E-4D31-A597-50631F504638}
	EndGlobalSection
EndGlobal
